
Microsoft Visual Studio Solution File, Format Version 12.00
# Visual Studio 2012
Project("{FAE04EC0-301F-11D3-BF4B-00C04F79EFBC}") = "SayHello", "Methods\SayHello.csproj", "{DA811733-971E-4FB5-81B0-BD0B01463026}"
EndProject
Project("{FAE04EC0-301F-11D3-BF4B-00C04F79EFBC}") = "GetMaxMethod", "GetMaxMethod\GetMaxMethod.csproj", "{1ACF0C2F-00BA-4F74-B1E6-24C681CD87E2}"
EndProject
Project("{FAE04EC0-301F-11D3-BF4B-00C04F79EFBC}") = "LastDigitAsWord", "LastDigitAsWord\LastDigitAsWord.csproj", "{9B7D73EE-9036-4784-A6B4-54BCDE8763F1}"
EndProject
Project("{FAE04EC0-301F-11D3-BF4B-00C04F79EFBC}") = "NumberAppearsInArray", "NumberAppearsInArray\NumberAppearsInArray.csproj", "{B36D5D95-23A5-436C-9047-0B740E1B766F}"
EndProject
Project("{FAE04EC0-301F-11D3-BF4B-00C04F79EFBC}") = "Neighbours", "Neighbours\Neighbours.csproj", "{8FA1857F-3499-4ECD-B8EC-CD5F81C032AE}"
EndProject
Project("{FAE04EC0-301F-11D3-BF4B-00C04F79EFBC}") = "BiggerThenNeighbours", "BiggerThenNeighbours\BiggerThenNeighbours.csproj", "{2A2AEEE9-FA46-4DA1-A389-0A10D9A990D1}"
EndProject
Global
	GlobalSection(SolutionConfigurationPlatforms) = preSolution
		Debug|Any CPU = Debug|Any CPU
		Release|Any CPU = Release|Any CPU
	EndGlobalSection
	GlobalSection(ProjectConfigurationPlatforms) = postSolution
		{DA811733-971E-4FB5-81B0-BD0B01463026}.Debug|Any CPU.ActiveCfg = Debug|Any CPU
		{DA811733-971E-4FB5-81B0-BD0B01463026}.Debug|Any CPU.Build.0 = Debug|Any CPU
		{DA811733-971E-4FB5-81B0-BD0B01463026}.Release|Any CPU.ActiveCfg = Release|Any CPU
		{DA811733-971E-4FB5-81B0-BD0B01463026}.Release|Any CPU.Build.0 = Release|Any CPU
		{1ACF0C2F-00BA-4F74-B1E6-24C681CD87E2}.Debug|Any CPU.ActiveCfg = Debug|Any CPU
		{1ACF0C2F-00BA-4F74-B1E6-24C681CD87E2}.Debug|Any CPU.Build.0 = Debug|Any CPU
		{1ACF0C2F-00BA-4F74-B1E6-24C681CD87E2}.Release|Any CPU.ActiveCfg = Release|Any CPU
		{1ACF0C2F-00BA-4F74-B1E6-24C681CD87E2}.Release|Any CPU.Build.0 = Release|Any CPU
		{9B7D73EE-9036-4784-A6B4-54BCDE8763F1}.Debug|Any CPU.ActiveCfg = Debug|Any CPU
		{9B7D73EE-9036-4784-A6B4-54BCDE8763F1}.Debug|Any CPU.Build.0 = Debug|Any CPU
		{9B7D73EE-9036-4784-A6B4-54BCDE8763F1}.Release|Any CPU.ActiveCfg = Release|Any CPU
		{9B7D73EE-9036-4784-A6B4-54BCDE8763F1}.Release|Any CPU.Build.0 = Release|Any CPU
		{B36D5D95-23A5-436C-9047-0B740E1B766F}.Debug|Any CPU.ActiveCfg = Debug|Any CPU
		{B36D5D95-23A5-436C-9047-0B740E1B766F}.Debug|Any CPU.Build.0 = Debug|Any CPU
		{B36D5D95-23A5-436C-9047-0B740E1B766F}.Release|Any CPU.ActiveCfg = Release|Any CPU
		{B36D5D95-23A5-436C-9047-0B740E1B766F}.Release|Any CPU.Build.0 = Release|Any CPU
		{8FA1857F-3499-4ECD-B8EC-CD5F81C032AE}.Debug|Any CPU.ActiveCfg = Debug|Any CPU
		{8FA1857F-3499-4ECD-B8EC-CD5F81C032AE}.Debug|Any CPU.Build.0 = Debug|Any CPU
		{8FA1857F-3499-4ECD-B8EC-CD5F81C032AE}.Release|Any CPU.ActiveCfg = Release|Any CPU
		{8FA1857F-3499-4ECD-B8EC-CD5F81C032AE}.Release|Any CPU.Build.0 = Release|Any CPU
		{2A2AEEE9-FA46-4DA1-A389-0A10D9A990D1}.Debug|Any CPU.ActiveCfg = Debug|Any CPU
		{2A2AEEE9-FA46-4DA1-A389-0A10D9A990D1}.Debug|Any CPU.Build.0 = Debug|Any CPU
		{2A2AEEE9-FA46-4DA1-A389-0A10D9A990D1}.Release|Any CPU.ActiveCfg = Release|Any CPU
		{2A2AEEE9-FA46-4DA1-A389-0A10D9A990D1}.Release|Any CPU.Build.0 = Release|Any CPU
	EndGlobalSection
	GlobalSection(SolutionProperties) = preSolution
		HideSolutionNode = FALSE
	EndGlobalSection
EndGlobal
